// !$*UTF8*$!
{
	archiveVersion = 1;
	classes = {
	};
	objectVersion = 46;
	objects = {

/* Begin PBXBuildFile section */
		7D03C0FC19FE2E520007523E /* main.m in Sources */ = {isa = PBXBuildFile; fileRef = 7D03C0FB19FE2E520007523E /* main.m */; };
		7D03C0FF19FE2E520007523E /* AppDelegate.m in Sources */ = {isa = PBXBuildFile; fileRef = 7D03C0FE19FE2E520007523E /* AppDelegate.m */; };
		7D03C10719FE2E520007523E /* Images.xcassets in Resources */ = {isa = PBXBuildFile; fileRef = 7D03C10619FE2E520007523E /* Images.xcassets */; };
		7D03C10A19FE2E520007523E /* LaunchScreen.xib in Resources */ = {isa = PBXBuildFile; fileRef = 7D03C10819FE2E520007523E /* LaunchScreen.xib */; };
		7D03C11619FE2E520007523E /* StartsTests.m in Sources */ = {isa = PBXBuildFile; fileRef = 7D03C11519FE2E520007523E /* StartsTests.m */; };
		7D03C12519FE30690007523E /* GSMainVC.m in Sources */ = {isa = PBXBuildFile; fileRef = 7D03C12419FE30690007523E /* GSMainVC.m */; };
		7D03C12B19FE31D30007523E /* UIColor+hexColor.m in Sources */ = {isa = PBXBuildFile; fileRef = 7D03C12A19FE31D30007523E /* UIColor+hexColor.m */; };
		7D3E7B6019FE34A2004161EA /* GSLoginVC.m in Sources */ = {isa = PBXBuildFile; fileRef = 7D3E7B5F19FE34A2004161EA /* GSLoginVC.m */; };
		7DA95F9419FF77B7003C49E3 /* UIView+GSLayout.m in Sources */ = {isa = PBXBuildFile; fileRef = 7DA95F9219FF77B7003C49E3 /* UIView+GSLayout.m */; };
		7DA95F9719FF77CD003C49E3 /* GSActivityIndicatorView.m in Sources */ = {isa = PBXBuildFile; fileRef = 7DA95F9519FF77CD003C49E3 /* GSActivityIndicatorView.m */; };
		7DA95F9B19FF8669003C49E3 /* GSLoginLayout.m in Sources */ = {isa = PBXBuildFile; fileRef = 7DA95F9A19FF8669003C49E3 /* GSLoginLayout.m */; };
		A8A42E6056D2B08D1876CF59 /* libPods-Starts.a in Frameworks */ = {isa = PBXBuildFile; fileRef = 76F9E04E20B37CF5A22EE2D4 /* libPods-Starts.a */; };
/* End PBXBuildFile section */

/* Begin PBXContainerItemProxy section */
		7D03C11019FE2E520007523E /* PBXContainerItemProxy */ = {
			isa = PBXContainerItemProxy;
			containerPortal = 7D03C0EE19FE2E520007523E /* Project object */;
			proxyType = 1;
			remoteGlobalIDString = 7D03C0F519FE2E520007523E;
			remoteInfo = Starts;
		};
/* End PBXContainerItemProxy section */

/* Begin PBXFileReference section */
		17D88105A0D1C7D24DE5D631 /* Pods-Starts.release.xcconfig */ = {isa = PBXFileReference; includeInIndex = 1; lastKnownFileType = text.xcconfig; name = "Pods-Starts.release.xcconfig"; path = "Pods/Target Support Files/Pods-Starts/Pods-Starts.release.xcconfig"; sourceTree = "<group>"; };
		6FDB612C29B0FE0FAF69BC62 /* Pods-Starts.debug.xcconfig */ = {isa = PBXFileReference; includeInIndex = 1; lastKnownFileType = text.xcconfig; name = "Pods-Starts.debug.xcconfig"; path = "Pods/Target Support Files/Pods-Starts/Pods-Starts.debug.xcconfig"; sourceTree = "<group>"; };
		76F9E04E20B37CF5A22EE2D4 /* libPods-Starts.a */ = {isa = PBXFileReference; explicitFileType = archive.ar; includeInIndex = 0; path = "libPods-Starts.a"; sourceTree = BUILT_PRODUCTS_DIR; };
		7D03C0F619FE2E520007523E /* Starts.app */ = {isa = PBXFileReference; explicitFileType = wrapper.application; includeInIndex = 0; path = Starts.app; sourceTree = BUILT_PRODUCTS_DIR; };
		7D03C0FA19FE2E520007523E /* Info.plist */ = {isa = PBXFileReference; lastKnownFileType = text.plist.xml; path = Info.plist; sourceTree = "<group>"; };
		7D03C0FB19FE2E520007523E /* main.m */ = {isa = PBXFileReference; lastKnownFileType = sourcecode.c.objc; path = main.m; sourceTree = "<group>"; };
		7D03C0FD19FE2E520007523E /* AppDelegate.h */ = {isa = PBXFileReference; lastKnownFileType = sourcecode.c.h; path = AppDelegate.h; sourceTree = "<group>"; };
		7D03C0FE19FE2E520007523E /* AppDelegate.m */ = {isa = PBXFileReference; lastKnownFileType = sourcecode.c.objc; path = AppDelegate.m; sourceTree = "<group>"; };
		7D03C10619FE2E520007523E /* Images.xcassets */ = {isa = PBXFileReference; lastKnownFileType = folder.assetcatalog; path = Images.xcassets; sourceTree = "<group>"; };
		7D03C10919FE2E520007523E /* Base */ = {isa = PBXFileReference; lastKnownFileType = file.xib; name = Base; path = Base.lproj/LaunchScreen.xib; sourceTree = "<group>"; };
		7D03C10F19FE2E520007523E /* StartsTests.xctest */ = {isa = PBXFileReference; explicitFileType = wrapper.cfbundle; includeInIndex = 0; path = StartsTests.xctest; sourceTree = BUILT_PRODUCTS_DIR; };
		7D03C11419FE2E520007523E /* Info.plist */ = {isa = PBXFileReference; lastKnownFileType = text.plist.xml; path = Info.plist; sourceTree = "<group>"; };
		7D03C11519FE2E520007523E /* StartsTests.m */ = {isa = PBXFileReference; lastKnownFileType = sourcecode.c.objc; path = StartsTests.m; sourceTree = "<group>"; };
		7D03C12319FE30690007523E /* GSMainVC.h */ = {isa = PBXFileReference; fileEncoding = 4; lastKnownFileType = sourcecode.c.h; path = GSMainVC.h; sourceTree = "<group>"; };
		7D03C12419FE30690007523E /* GSMainVC.m */ = {isa = PBXFileReference; fileEncoding = 4; lastKnownFileType = sourcecode.c.objc; path = GSMainVC.m; sourceTree = "<group>"; };
		7D03C12919FE31D30007523E /* UIColor+hexColor.h */ = {isa = PBXFileReference; fileEncoding = 4; lastKnownFileType = sourcecode.c.h; path = "UIColor+hexColor.h"; sourceTree = "<group>"; };
		7D03C12A19FE31D30007523E /* UIColor+hexColor.m */ = {isa = PBXFileReference; fileEncoding = 4; lastKnownFileType = sourcecode.c.objc; path = "UIColor+hexColor.m"; sourceTree = "<group>"; };
		7D3E7B5E19FE34A2004161EA /* GSLoginVC.h */ = {isa = PBXFileReference; fileEncoding = 4; lastKnownFileType = sourcecode.c.h; path = GSLoginVC.h; sourceTree = "<group>"; };
		7D3E7B5F19FE34A2004161EA /* GSLoginVC.m */ = {isa = PBXFileReference; fileEncoding = 4; lastKnownFileType = sourcecode.c.objc; path = GSLoginVC.m; sourceTree = "<group>"; };
		7DA95F9219FF77B7003C49E3 /* UIView+GSLayout.m */ = {isa = PBXFileReference; fileEncoding = 4; lastKnownFileType = sourcecode.c.objc; path = "UIView+GSLayout.m"; sourceTree = "<group>"; };
		7DA95F9319FF77B7003C49E3 /* UIView+GSLayout.h */ = {isa = PBXFileReference; fileEncoding = 4; lastKnownFileType = sourcecode.c.h; path = "UIView+GSLayout.h"; sourceTree = "<group>"; };
		7DA95F9519FF77CD003C49E3 /* GSActivityIndicatorView.m */ = {isa = PBXFileReference; fileEncoding = 4; lastKnownFileType = sourcecode.c.objc; path = GSActivityIndicatorView.m; sourceTree = "<group>"; };
		7DA95F9619FF77CD003C49E3 /* GSActivityIndicatorView.h */ = {isa = PBXFileReference; fileEncoding = 4; lastKnownFileType = sourcecode.c.h; path = GSActivityIndicatorView.h; sourceTree = "<group>"; };
		7DA95F9919FF8669003C49E3 /* GSLoginLayout.h */ = {isa = PBXFileReference; fileEncoding = 4; lastKnownFileType = sourcecode.c.h; path = GSLoginLayout.h; sourceTree = "<group>"; };
		7DA95F9A19FF8669003C49E3 /* GSLoginLayout.m */ = {isa = PBXFileReference; fileEncoding = 4; lastKnownFileType = sourcecode.c.objc; path = GSLoginLayout.m; sourceTree = "<group>"; };
/* End PBXFileReference section */

/* Begin PBXFrameworksBuildPhase section */
		7D03C0F319FE2E520007523E /* Frameworks */ = {
			isa = PBXFrameworksBuildPhase;
			buildActionMask = 2147483647;
			files = (
				A8A42E6056D2B08D1876CF59 /* libPods-Starts.a in Frameworks */,
			);
			runOnlyForDeploymentPostprocessing = 0;
		};
		7D03C10C19FE2E520007523E /* Frameworks */ = {
			isa = PBXFrameworksBuildPhase;
			buildActionMask = 2147483647;
			files = (
			);
			runOnlyForDeploymentPostprocessing = 0;
		};
/* End PBXFrameworksBuildPhase section */

/* Begin PBXGroup section */
		3421BF247DAF5CF1B0597416 /* Frameworks */ = {
			isa = PBXGroup;
			children = (
				76F9E04E20B37CF5A22EE2D4 /* libPods-Starts.a */,
			);
			name = Frameworks;
			sourceTree = "<group>";
		};
		7D03C0ED19FE2E520007523E = {
			isa = PBXGroup;
			children = (
				7D03C0F819FE2E520007523E /* Starts */,
				7D03C11219FE2E520007523E /* StartsTests */,
				7D03C0F719FE2E520007523E /* Products */,
				AC06F893739DBAA7D18078C8 /* Pods */,
				3421BF247DAF5CF1B0597416 /* Frameworks */,
			);
			sourceTree = "<group>";
		};
		7D03C0F719FE2E520007523E /* Products */ = {
			isa = PBXGroup;
			children = (
				7D03C0F619FE2E520007523E /* Starts.app */,
				7D03C10F19FE2E520007523E /* StartsTests.xctest */,
			);
			name = Products;
			sourceTree = "<group>";
		};
		7D03C0F819FE2E520007523E /* Starts */ = {
			isa = PBXGroup;
			children = (
				7DA95F9819FF8656003C49E3 /* Layouts */,
				7D03C11F19FE303D0007523E /* Controllers */,
				7D03C12019FE303D0007523E /* Helpers */,
				7D03C12119FE303D0007523E /* Models */,
				7D03C12219FE303D0007523E /* Views */,
				7D03C0FD19FE2E520007523E /* AppDelegate.h */,
				7D03C0FE19FE2E520007523E /* AppDelegate.m */,
				7D03C10619FE2E520007523E /* Images.xcassets */,
				7D03C10819FE2E520007523E /* LaunchScreen.xib */,
				7D03C0F919FE2E520007523E /* Supporting Files */,
			);
			path = Starts;
			sourceTree = "<group>";
		};
		7D03C0F919FE2E520007523E /* Supporting Files */ = {
			isa = PBXGroup;
			children = (
				7D03C0FA19FE2E520007523E /* Info.plist */,
				7D03C0FB19FE2E520007523E /* main.m */,
			);
			name = "Supporting Files";
			sourceTree = "<group>";
		};
		7D03C11219FE2E520007523E /* StartsTests */ = {
			isa = PBXGroup;
			children = (
				7D03C11519FE2E520007523E /* StartsTests.m */,
				7D03C11319FE2E520007523E /* Supporting Files */,
			);
			path = StartsTests;
			sourceTree = "<group>";
		};
		7D03C11319FE2E520007523E /* Supporting Files */ = {
			isa = PBXGroup;
			children = (
				7D03C11419FE2E520007523E /* Info.plist */,
			);
			name = "Supporting Files";
			sourceTree = "<group>";
		};
		7D03C11F19FE303D0007523E /* Controllers */ = {
			isa = PBXGroup;
			children = (
				7D03C12319FE30690007523E /* GSMainVC.h */,
				7D03C12419FE30690007523E /* GSMainVC.m */,
				7D3E7B5E19FE34A2004161EA /* GSLoginVC.h */,
				7D3E7B5F19FE34A2004161EA /* GSLoginVC.m */,
			);
			path = Controllers;
			sourceTree = "<group>";
		};
		7D03C12019FE303D0007523E /* Helpers */ = {
			isa = PBXGroup;
			children = (
				7DA95F9219FF77B7003C49E3 /* UIView+GSLayout.m */,
				7DA95F9319FF77B7003C49E3 /* UIView+GSLayout.h */,
				7D03C12919FE31D30007523E /* UIColor+hexColor.h */,
				7D03C12A19FE31D30007523E /* UIColor+hexColor.m */,
			);
			path = Helpers;
			sourceTree = "<group>";
		};
		7D03C12119FE303D0007523E /* Models */ = {
			isa = PBXGroup;
			children = (
			);
			path = Models;
			sourceTree = "<group>";
		};
		7D03C12219FE303D0007523E /* Views */ = {
			isa = PBXGroup;
			children = (
				7DA95F9519FF77CD003C49E3 /* GSActivityIndicatorView.m */,
				7DA95F9619FF77CD003C49E3 /* GSActivityIndicatorView.h */,
			);
			path = Views;
			sourceTree = "<group>";
		};
		7DA95F9819FF8656003C49E3 /* Layouts */ = {
			isa = PBXGroup;
			children = (
				7DA95F9919FF8669003C49E3 /* GSLoginLayout.h */,
				7DA95F9A19FF8669003C49E3 /* GSLoginLayout.m */,
			);
			path = Layouts;
			sourceTree = "<group>";
		};
		AC06F893739DBAA7D18078C8 /* Pods */ = {
			isa = PBXGroup;
			children = (
				6FDB612C29B0FE0FAF69BC62 /* Pods-Starts.debug.xcconfig */,
				17D88105A0D1C7D24DE5D631 /* Pods-Starts.release.xcconfig */,
			);
			name = Pods;
			sourceTree = "<group>";
		};
/* End PBXGroup section */

/* Begin PBXNativeTarget section */
		7D03C0F519FE2E520007523E /* Starts */ = {
			isa = PBXNativeTarget;
			buildConfigurationList = 7D03C11919FE2E520007523E /* Build configuration list for PBXNativeTarget "Starts" */;
			buildPhases = (
				EDC9A5EF2378BFDB8D50D894 /* Check Pods Manifest.lock */,
				7D03C0F219FE2E520007523E /* Sources */,
				7D03C0F319FE2E520007523E /* Frameworks */,
				7D03C0F419FE2E520007523E /* Resources */,
				CDBB0D7C25D9AB65FC978E4B /* Copy Pods Resources */,
			);
			buildRules = (
			);
			dependencies = (
			);
			name = Starts;
			productName = Starts;
			productReference = 7D03C0F619FE2E520007523E /* Starts.app */;
			productType = "com.apple.product-type.application";
		};
		7D03C10E19FE2E520007523E /* StartsTests */ = {
			isa = PBXNativeTarget;
			buildConfigurationList = 7D03C11C19FE2E520007523E /* Build configuration list for PBXNativeTarget "StartsTests" */;
			buildPhases = (
				7D03C10B19FE2E520007523E /* Sources */,
				7D03C10C19FE2E520007523E /* Frameworks */,
				7D03C10D19FE2E520007523E /* Resources */,
			);
			buildRules = (
			);
			dependencies = (
				7D03C11119FE2E520007523E /* PBXTargetDependency */,
			);
			name = StartsTests;
			productName = StartsTests;
			productReference = 7D03C10F19FE2E520007523E /* StartsTests.xctest */;
			productType = "com.apple.product-type.bundle.unit-test";
		};
/* End PBXNativeTarget section */

/* Begin PBXProject section */
		7D03C0EE19FE2E520007523E /* Project object */ = {
			isa = PBXProject;
			attributes = {
				LastUpgradeCheck = 0610;
				ORGANIZATIONNAME = abner.zhong.me;
				TargetAttributes = {
					7D03C0F519FE2E520007523E = {
						CreatedOnToolsVersion = 6.1;
					};
					7D03C10E19FE2E520007523E = {
						CreatedOnToolsVersion = 6.1;
						TestTargetID = 7D03C0F519FE2E520007523E;
					};
				};
			};
			buildConfigurationList = 7D03C0F119FE2E520007523E /* Build configuration list for PBXProject "Starts" */;
			compatibilityVersion = "Xcode 3.2";
			developmentRegion = English;
			hasScannedForEncodings = 0;
			knownRegions = (
				en,
				Base,
			);
			mainGroup = 7D03C0ED19FE2E520007523E;
			productRefGroup = 7D03C0F719FE2E520007523E /* Products */;
			projectDirPath = "";
			projectRoot = "";
			targets = (
				7D03C0F519FE2E520007523E /* Starts */,
				7D03C10E19FE2E520007523E /* StartsTests */,
			);
		};
/* End PBXProject section */

/* Begin PBXResourcesBuildPhase section */
		7D03C0F419FE2E520007523E /* Resources */ = {
			isa = PBXResourcesBuildPhase;
			buildActionMask = 2147483647;
			files = (
				7D03C10A19FE2E520007523E /* LaunchScreen.xib in Resources */,
				7D03C10719FE2E520007523E /* Images.xcassets in Resources */,
			);
			runOnlyForDeploymentPostprocessing = 0;
		};
		7D03C10D19FE2E520007523E /* Resources */ = {
			isa = PBXResourcesBuildPhase;
			buildActionMask = 2147483647;
			files = (
			);
			runOnlyForDeploymentPostprocessing = 0;
		};
/* End PBXResourcesBuildPhase section */

/* Begin PBXShellScriptBuildPhase section */
		CDBB0D7C25D9AB65FC978E4B /* Copy Pods Resources */ = {
			isa = PBXShellScriptBuildPhase;
			buildActionMask = 2147483647;
			files = (
			);
			inputPaths = (
			);
			name = "Copy Pods Resources";
			outputPaths = (
			);
			runOnlyForDeploymentPostprocessing = 0;
			shellPath = /bin/sh;
			shellScript = "\"${SRCROOT}/Pods/Target Support Files/Pods-Starts/Pods-Starts-resources.sh\"\n";
			showEnvVarsInLog = 0;
		};
		EDC9A5EF2378BFDB8D50D894 /* Check Pods Manifest.lock */ = {
			isa = PBXShellScriptBuildPhase;
			buildActionMask = 2147483647;
			files = (
			);
			inputPaths = (
			);
			name = "Check Pods Manifest.lock";
			outputPaths = (
			);
			runOnlyForDeploymentPostprocessing = 0;
			shellPath = /bin/sh;
			shellScript = "diff \"${PODS_ROOT}/../Podfile.lock\" \"${PODS_ROOT}/Manifest.lock\" > /dev/null\nif [[ $? != 0 ]] ; then\n    cat << EOM\nerror: The sandbox is not in sync with the Podfile.lock. Run 'pod install' or update your CocoaPods installation.\nEOM\n    exit 1\nfi\n";
			showEnvVarsInLog = 0;
		};
/* End PBXShellScriptBuildPhase section */

/* Begin PBXSourcesBuildPhase section */
		7D03C0F219FE2E520007523E /* Sources */ = {
			isa = PBXSourcesBuildPhase;
			buildActionMask = 2147483647;
			files = (
				7DA95F9419FF77B7003C49E3 /* UIView+GSLayout.m in Sources */,
				7D03C12519FE30690007523E /* GSMainVC.m in Sources */,
				7DA95F9719FF77CD003C49E3 /* GSActivityIndicatorView.m in Sources */,
				7D03C12B19FE31D30007523E /* UIColor+hexColor.m in Sources */,
				7D3E7B6019FE34A2004161EA /* GSLoginVC.m in Sources */,
				7D03C0FF19FE2E520007523E /* AppDelegate.m in Sources */,
				7D03C0FC19FE2E520007523E /* main.m in Sources */,
				7DA95F9B19FF8669003C49E3 /* GSLoginLayout.m in Sources */,
			);
			runOnlyForDeploymentPostprocessing = 0;
		};
		7D03C10B19FE2E520007523E /* Sources */ = {
			isa = PBXSourcesBuildPhase;
			buildActionMask = 2147483647;
			files = (
				7D03C11619FE2E520007523E /* StartsTests.m in Sources */,
			);
			runOnlyForDeploymentPostprocessing = 0;
		};
/* End PBXSourcesBuildPhase section */

/* Begin PBXTargetDependency section */
		7D03C11119FE2E520007523E /* PBXTargetDependency */ = {
			isa = PBXTargetDependency;
			target = 7D03C0F519FE2E520007523E /* Starts */;
			targetProxy = 7D03C11019FE2E520007523E /* PBXContainerItemProxy */;
		};
/* End PBXTargetDependency section */

/* Begin PBXVariantGroup section */
		7D03C10819FE2E520007523E /* LaunchScreen.xib */ = {
			isa = PBXVariantGroup;
			children = (
				7D03C10919FE2E520007523E /* Base */,
			);
			name = LaunchScreen.xib;
			sourceTree = "<group>";
		};
/* End PBXVariantGroup section */

/* Begin XCBuildConfiguration section */
		7D03C11719FE2E520007523E /* Debug */ = {
			isa = XCBuildConfiguration;
			buildSettings = {
				ALWAYS_SEARCH_USER_PATHS = NO;
				CLANG_CXX_LANGUAGE_STANDARD = "gnu++0x";
				CLANG_CXX_LIBRARY = "libc++";
				CLANG_ENABLE_MODULES = YES;
				CLANG_ENABLE_OBJC_ARC = YES;
				CLANG_WARN_BOOL_CONVERSION = YES;
				CLANG_WARN_CONSTANT_CONVERSION = YES;
				CLANG_WARN_DIRECT_OBJC_ISA_USAGE = YES_ERROR;
				CLANG_WARN_EMPTY_BODY = YES;
				CLANG_WARN_ENUM_CONVERSION = YES;
				CLANG_WARN_INT_CONVERSION = YES;
				CLANG_WARN_OBJC_ROOT_CLASS = YES_ERROR;
				CLANG_WARN_UNREACHABLE_CODE = YES;
				CLANG_WARN__DUPLICATE_METHOD_MATCH = YES;
				"CODE_SIGN_IDENTITY[sdk=iphoneos*]" = "iPhone Developer";
				COPY_PHASE_STRIP = NO;
				ENABLE_STRICT_OBJC_MSGSEND = YES;
				GCC_C_LANGUAGE_STANDARD = gnu99;
				GCC_DYNAMIC_NO_PIC = NO;
				GCC_OPTIMIZATION_LEVEL = 0;
				GCC_PREPROCESSOR_DEFINITIONS = (
					"DEBUG=1",
					"$(inherited)",
				);
				GCC_SYMBOLS_PRIVATE_EXTERN = NO;
				GCC_WARN_64_TO_32_BIT_CONVERSION = YES;
				GCC_WARN_ABOUT_RETURN_TYPE = YES_ERROR;
				GCC_WARN_UNDECLARED_SELECTOR = YES;
				GCC_WARN_UNINITIALIZED_AUTOS = YES_AGGRESSIVE;
				GCC_WARN_UNUSED_FUNCTION = YES;
				GCC_WARN_UNUSED_VARIABLE = YES;
				IPHONEOS_DEPLOYMENT_TARGET = 8.1;
				MTL_ENABLE_DEBUG_INFO = YES;
				ONLY_ACTIVE_ARCH = YES;
				SDKROOT = iphoneos;
			};
			name = Debug;
		};
		7D03C11819FE2E520007523E /* Release */ = {
			isa = XCBuildConfiguration;
			buildSettings = {
				ALWAYS_SEARCH_USER_PATHS = NO;
				CLANG_CXX_LANGUAGE_STANDARD = "gnu++0x";
				CLANG_CXX_LIBRARY = "libc++";
				CLANG_ENABLE_MODULES = YES;
				CLANG_ENABLE_OBJC_ARC = YES;
				CLANG_WARN_BOOL_CONVERSION = YES;
				CLANG_WARN_CONSTANT_CONVERSION = YES;
				CLANG_WARN_DIRECT_OBJC_ISA_USAGE = YES_ERROR;
				CLANG_WARN_EMPTY_BODY = YES;
				CLANG_WARN_ENUM_CONVERSION = YES;
				CLANG_WARN_INT_CONVERSION = YES;
				CLANG_WARN_OBJC_ROOT_CLASS = YES_ERROR;
				CLANG_WARN_UNREACHABLE_CODE = YES;
				CLANG_WARN__DUPLICATE_METHOD_MATCH = YES;
				"CODE_SIGN_IDENTITY[sdk=iphoneos*]" = "iPhone Developer";
				COPY_PHASE_STRIP = YES;
				ENABLE_NS_ASSERTIONS = NO;
				ENABLE_STRICT_OBJC_MSGSEND = YES;
				GCC_C_LANGUAGE_STANDARD = gnu99;
				GCC_WARN_64_TO_32_BIT_CONVERSION = YES;
				GCC_WARN_ABOUT_RETURN_TYPE = YES_ERROR;
				GCC_WARN_UNDECLARED_SELECTOR = YES;
				GCC_WARN_UNINITIALIZED_AUTOS = YES_AGGRESSIVE;
				GCC_WARN_UNUSED_FUNCTION = YES;
				GCC_WARN_UNUSED_VARIABLE = YES;
				IPHONEOS_DEPLOYMENT_TARGET = 8.1;
				MTL_ENABLE_DEBUG_INFO = NO;
				SDKROOT = iphoneos;
				VALIDATE_PRODUCT = YES;
			};
			name = Release;
		};
		7D03C11A19FE2E520007523E /* Debug */ = {
			isa = XCBuildConfiguration;
			baseConfigurationReference = 6FDB612C29B0FE0FAF69BC62 /* Pods-Starts.debug.xcconfig */;
			buildSettings = {
				ASSETCATALOG_COMPILER_APPICON_NAME = AppIcon;
				INFOPLIST_FILE = Starts/Info.plist;
				LD_RUNPATH_SEARCH_PATHS = "$(inherited) @executable_path/Frameworks";
				PRODUCT_NAME = "$(TARGET_NAME)";
			};
			name = Debug;
		};
		7D03C11B19FE2E520007523E /* Release */ = {
			isa = XCBuildConfiguration;
			baseConfigurationReference = 17D88105A0D1C7D24DE5D631 /* Pods-Starts.release.xcconfig */;
			buildSettings = {
				ASSETCATALOG_COMPILER_APPICON_NAME = AppIcon;
				INFOPLIST_FILE = Starts/Info.plist;
				LD_RUNPATH_SEARCH_PATHS = "$(inherited) @executable_path/Frameworks";
				PRODUCT_NAME = "$(TARGET_NAME)";
			};
			name = Release;
		};
		7D03C11D19FE2E520007523E /* Debug */ = {
			isa = XCBuildConfiguration;
			buildSettings = {
				BUNDLE_LOADER = "$(TEST_HOST)";
				FRAMEWORK_SEARCH_PATHS = (
					"$(SDKROOT)/Developer/Library/Frameworks",
					"$(inherited)",
				);
				GCC_PREPROCESSOR_DEFINITIONS = (
					"DEBUG=1",
					"$(inherited)",
				);
				INFOPLIST_FILE = StartsTests/Info.plist;
				LD_RUNPATH_SEARCH_PATHS = "$(inherited) @executable_path/Frameworks @loader_path/Frameworks";
				PRODUCT_NAME = "$(TARGET_NAME)";
				TEST_HOST = "$(BUILT_PRODUCTS_DIR)/Starts.app/Starts";
			};
			name = Debug;
		};
		7D03C11E19FE2E520007523E /* Release */ = {
			isa = XCBuildConfiguration;
			buildSettings = {
				BUNDLE_LOADER = "$(TEST_HOST)";
				FRAMEWORK_SEARCH_PATHS = (
					"$(SDKROOT)/Developer/Library/Frameworks",
					"$(inherited)",
				);
				INFOPLIST_FILE = StartsTests/Info.plist;
				LD_RUNPATH_SEARCH_PATHS = "$(inherited) @executable_path/Frameworks @loader_path/Frameworks";
				PRODUCT_NAME = "$(TARGET_NAME)";
				TEST_HOST = "$(BUILT_PRODUCTS_DIR)/Starts.app/Starts";
			};
			name = Release;
		};
/* End XCBuildConfiguration section */

/* Begin XCConfigurationList section */
		7D03C0F119FE2E520007523E /* Build configuration list for PBXProject "Starts" */ = {
			isa = XCConfigurationList;
			buildConfigurations = (
				7D03C11719FE2E520007523E /* Debug */,
				7D03C11819FE2E520007523E /* Release */,
			);
			defaultConfigurationIsVisible = 0;
			defaultConfigurationName = Release;
		};
		7D03C11919FE2E520007523E /* Build configuration list for PBXNativeTarget "Starts" */ = {
			isa = XCConfigurationList;
			buildConfigurations = (
				7D03C11A19FE2E520007523E /* Debug */,
				7D03C11B19FE2E520007523E /* Release */,
			);
			defaultConfigurationIsVisible = 0;
			defaultConfigurationName = Release;
		};
		7D03C11C19FE2E520007523E /* Build configuration list for PBXNativeTarget "StartsTests" */ = {
			isa = XCConfigurationList;
			buildConfigurations = (
				7D03C11D19FE2E520007523E /* Debug */,
				7D03C11E19FE2E520007523E /* Release */,
			);
			defaultConfigurationIsVisible = 0;
			defaultConfigurationName = Release;
		};
/* End XCConfigurationList section */
	};
	rootObject = 7D03C0EE19FE2E520007523E /* Project object */;
}
